
Microsoft Visual Studio Solution File, Format Version 12.00
# Visual Studio 15
VisualStudioVersion = 15.0.27703.2035
MinimumVisualStudioVersion = 10.0.40219.1
Project("{9A19103F-16F7-4668-BE54-9A1E7A4F7556}") = "GraphQL.Sample.Api", "GraphQL.Sample.Api\GraphQL.Sample.Api.csproj", "{81C7A112-94D5-40C7-B28A-2C2356E71B0E}"
EndProject
Project("{FAE04EC0-301F-11D3-BF4B-00C04F79EFBC}") = "GraphQL.Sample.Domain", "GraphQL.Sample.Domain\GraphQL.Sample.Domain.csproj", "{116BE181-7E15-4CDB-AD1B-D2D5587AEB26}"
EndProject
Project("{FAE04EC0-301F-11D3-BF4B-00C04F79EFBC}") = "GraphQL.Sample.Infra.Data", "GraphQL.Sample.Infra.Data\GraphQL.Sample.Infra.Data.csproj", "{860EB47F-1053-4801-ADE2-051BEDF3D41B}"
EndProject
Project("{FAE04EC0-301F-11D3-BF4B-00C04F79EFBC}") = "GraphQL.Sample.Tests", "GraphQL.Sample.Tests\GraphQL.Sample.Tests.csproj", "{2EB4E280-9373-48CA-A8E1-6AA8EB09F9F4}"
EndProject
Global
	GlobalSection(SolutionConfigurationPlatforms) = preSolution
		Debug|Any CPU = Debug|Any CPU
		Release|Any CPU = Release|Any CPU
	EndGlobalSection
	GlobalSection(ProjectConfigurationPlatforms) = postSolution
		{81C7A112-94D5-40C7-B28A-2C2356E71B0E}.Debug|Any CPU.ActiveCfg = Debug|Any CPU
		{81C7A112-94D5-40C7-B28A-2C2356E71B0E}.Debug|Any CPU.Build.0 = Debug|Any CPU
		{81C7A112-94D5-40C7-B28A-2C2356E71B0E}.Release|Any CPU.ActiveCfg = Release|Any CPU
		{81C7A112-94D5-40C7-B28A-2C2356E71B0E}.Release|Any CPU.Build.0 = Release|Any CPU
		{116BE181-7E15-4CDB-AD1B-D2D5587AEB26}.Debug|Any CPU.ActiveCfg = Debug|Any CPU
		{116BE181-7E15-4CDB-AD1B-D2D5587AEB26}.Debug|Any CPU.Build.0 = Debug|Any CPU
		{116BE181-7E15-4CDB-AD1B-D2D5587AEB26}.Release|Any CPU.ActiveCfg = Release|Any CPU
		{116BE181-7E15-4CDB-AD1B-D2D5587AEB26}.Release|Any CPU.Build.0 = Release|Any CPU
		{860EB47F-1053-4801-ADE2-051BEDF3D41B}.Debug|Any CPU.ActiveCfg = Debug|Any CPU
		{860EB47F-1053-4801-ADE2-051BEDF3D41B}.Debug|Any CPU.Build.0 = Debug|Any CPU
		{860EB47F-1053-4801-ADE2-051BEDF3D41B}.Release|Any CPU.ActiveCfg = Release|Any CPU
		{860EB47F-1053-4801-ADE2-051BEDF3D41B}.Release|Any CPU.Build.0 = Release|Any CPU
		{2EB4E280-9373-48CA-A8E1-6AA8EB09F9F4}.Debug|Any CPU.ActiveCfg = Debug|Any CPU
		{2EB4E280-9373-48CA-A8E1-6AA8EB09F9F4}.Debug|Any CPU.Build.0 = Debug|Any CPU
		{2EB4E280-9373-48CA-A8E1-6AA8EB09F9F4}.Release|Any CPU.ActiveCfg = Release|Any CPU
		{2EB4E280-9373-48CA-A8E1-6AA8EB09F9F4}.Release|Any CPU.Build.0 = Release|Any CPU
	EndGlobalSection
	GlobalSection(SolutionProperties) = preSolution
		HideSolutionNode = FALSE
	EndGlobalSection
	GlobalSection(ExtensibilityGlobals) = postSolution
		SolutionGuid = {3596467E-00E0-4519-8FD6-11F3A4805E8D}
	EndGlobalSection
EndGlobal
